
Microsoft Visual Studio Solution File, Format Version 12.00
# Visual Studio Version 17
VisualStudioVersion = 17.7.34024.191
MinimumVisualStudioVersion = 10.0.40219.1
Project("{9A19103F-16F7-4668-BE54-9A1E7A4F7556}") = "ProjetoP2", "ProjetoP2.csproj", "{63025877-FBF7-49FA-88A0-0B8CE6DEDCC3}"
EndProject
Project("{9A19103F-16F7-4668-BE54-9A1E7A4F7556}") = "P2(MVC)", "..\P2(MVC)\P2(MVC).csproj", "{7AFCD2CC-FE50-4D03-B9F0-4EF28C86B702}"
EndProject
Project("{FAE04EC0-301F-11D3-BF4B-00C04F79EFBC}") = "TestUnitProjetoP2", "..\TestUnitProjetoP2\TestUnitProjetoP2.csproj", "{E64AFF47-A85F-4900-970F-DC540D2CA65A}"
EndProject
Global
	GlobalSection(SolutionConfigurationPlatforms) = preSolution
		Debug|Any CPU = Debug|Any CPU
		Release|Any CPU = Release|Any CPU
	EndGlobalSection
	GlobalSection(ProjectConfigurationPlatforms) = postSolution
		{63025877-FBF7-49FA-88A0-0B8CE6DEDCC3}.Debug|Any CPU.ActiveCfg = Debug|Any CPU
		{63025877-FBF7-49FA-88A0-0B8CE6DEDCC3}.Debug|Any CPU.Build.0 = Debug|Any CPU
		{63025877-FBF7-49FA-88A0-0B8CE6DEDCC3}.Release|Any CPU.ActiveCfg = Release|Any CPU
		{63025877-FBF7-49FA-88A0-0B8CE6DEDCC3}.Release|Any CPU.Build.0 = Release|Any CPU
		{7AFCD2CC-FE50-4D03-B9F0-4EF28C86B702}.Debug|Any CPU.ActiveCfg = Debug|Any CPU
		{7AFCD2CC-FE50-4D03-B9F0-4EF28C86B702}.Debug|Any CPU.Build.0 = Debug|Any CPU
		{7AFCD2CC-FE50-4D03-B9F0-4EF28C86B702}.Release|Any CPU.ActiveCfg = Release|Any CPU
		{7AFCD2CC-FE50-4D03-B9F0-4EF28C86B702}.Release|Any CPU.Build.0 = Release|Any CPU
		{E64AFF47-A85F-4900-970F-DC540D2CA65A}.Debug|Any CPU.ActiveCfg = Debug|Any CPU
		{E64AFF47-A85F-4900-970F-DC540D2CA65A}.Debug|Any CPU.Build.0 = Debug|Any CPU
		{E64AFF47-A85F-4900-970F-DC540D2CA65A}.Release|Any CPU.ActiveCfg = Release|Any CPU
		{E64AFF47-A85F-4900-970F-DC540D2CA65A}.Release|Any CPU.Build.0 = Release|Any CPU
	EndGlobalSection
	GlobalSection(SolutionProperties) = preSolution
		HideSolutionNode = FALSE
	EndGlobalSection
	GlobalSection(ExtensibilityGlobals) = postSolution
		SolutionGuid = {AF641C99-5C0A-4570-A9C4-D895FB50848E}
	EndGlobalSection
EndGlobal
