
Microsoft Visual Studio Solution File, Format Version 12.00
# Visual Studio Version 17
VisualStudioVersion = 17.7.34024.191
MinimumVisualStudioVersion = 10.0.40219.1
Project("{FAE04EC0-301F-11D3-BF4B-00C04F79EFBC}") = "ControleCompraEVendas", "ControleCompraEVendas.csproj", "{DD4AC1EE-B3FE-4CE2-ABA3-8A91D0E9B390}"
EndProject
Global
	GlobalSection(SolutionConfigurationPlatforms) = preSolution
		Debug|Any CPU = Debug|Any CPU
		Release|Any CPU = Release|Any CPU
	EndGlobalSection
	GlobalSection(ProjectConfigurationPlatforms) = postSolution
		{DD4AC1EE-B3FE-4CE2-ABA3-8A91D0E9B390}.Debug|Any CPU.ActiveCfg = Debug|Any CPU
		{DD4AC1EE-B3FE-4CE2-ABA3-8A91D0E9B390}.Debug|Any CPU.Build.0 = Debug|Any CPU
		{DD4AC1EE-B3FE-4CE2-ABA3-8A91D0E9B390}.Release|Any CPU.ActiveCfg = Release|Any CPU
		{DD4AC1EE-B3FE-4CE2-ABA3-8A91D0E9B390}.Release|Any CPU.Build.0 = Release|Any CPU
	EndGlobalSection
	GlobalSection(SolutionProperties) = preSolution
		HideSolutionNode = FALSE
	EndGlobalSection
	GlobalSection(ExtensibilityGlobals) = postSolution
		SolutionGuid = {7A63C066-360F-4CC2-AFF0-D80641F93E3E}
	EndGlobalSection
EndGlobal
