
Microsoft Visual Studio Solution File, Format Version 12.00
# Visual Studio Version 17
VisualStudioVersion = 17.7.34003.232
MinimumVisualStudioVersion = 10.0.40219.1
Project("{FAE04EC0-301F-11D3-BF4B-00C04F79EFBC}") = "Atividades", "Atividades.csproj", "{468A8E70-8035-4621-BD49-ACFE9A5FCF8D}"
EndProject
Project("{FAE04EC0-301F-11D3-BF4B-00C04F79EFBC}") = "ListaAtividadesWeb", "..\ListaAtividadesWeb\ListaAtividadesWeb.csproj", "{4EB4AAF8-71C5-4A96-A69F-C29421A4096E}"
EndProject
Global
	GlobalSection(SolutionConfigurationPlatforms) = preSolution
		Debug|Any CPU = Debug|Any CPU
		Release|Any CPU = Release|Any CPU
	EndGlobalSection
	GlobalSection(ProjectConfigurationPlatforms) = postSolution
		{468A8E70-8035-4621-BD49-ACFE9A5FCF8D}.Debug|Any CPU.ActiveCfg = Debug|Any CPU
		{468A8E70-8035-4621-BD49-ACFE9A5FCF8D}.Debug|Any CPU.Build.0 = Debug|Any CPU
		{468A8E70-8035-4621-BD49-ACFE9A5FCF8D}.Release|Any CPU.ActiveCfg = Release|Any CPU
		{468A8E70-8035-4621-BD49-ACFE9A5FCF8D}.Release|Any CPU.Build.0 = Release|Any CPU
		{4EB4AAF8-71C5-4A96-A69F-C29421A4096E}.Debug|Any CPU.ActiveCfg = Debug|Any CPU
		{4EB4AAF8-71C5-4A96-A69F-C29421A4096E}.Debug|Any CPU.Build.0 = Debug|Any CPU
		{4EB4AAF8-71C5-4A96-A69F-C29421A4096E}.Release|Any CPU.ActiveCfg = Release|Any CPU
		{4EB4AAF8-71C5-4A96-A69F-C29421A4096E}.Release|Any CPU.Build.0 = Release|Any CPU
	EndGlobalSection
	GlobalSection(SolutionProperties) = preSolution
		HideSolutionNode = FALSE
	EndGlobalSection
	GlobalSection(ExtensibilityGlobals) = postSolution
		SolutionGuid = {4AC8033F-29A1-4D42-89FF-29D19686F2A7}
	EndGlobalSection
EndGlobal
